
Microsoft Visual Studio Solution File, Format Version 12.00
# Visual Studio 15
VisualStudioVersion = 15.0.28307.329
MinimumVisualStudioVersion = 10.0.40219.1
Project("{FAE04EC0-301F-11D3-BF4B-00C04F79EFBC}") = "Practica03WebApp", "Practica03WebApp\Practica03WebApp.csproj", "{EC7FEDD8-92BC-42FF-AE6C-B3E11E0C816F}"
EndProject
Global
	GlobalSection(SolutionConfigurationPlatforms) = preSolution
		Debug|Any CPU = Debug|Any CPU
		Release|Any CPU = Release|Any CPU
	EndGlobalSection
	GlobalSection(ProjectConfigurationPlatforms) = postSolution
		{EC7FEDD8-92BC-42FF-AE6C-B3E11E0C816F}.Debug|Any CPU.ActiveCfg = Debug|Any CPU
		{EC7FEDD8-92BC-42FF-AE6C-B3E11E0C816F}.Debug|Any CPU.Build.0 = Debug|Any CPU
		{EC7FEDD8-92BC-42FF-AE6C-B3E11E0C816F}.Release|Any CPU.ActiveCfg = Release|Any CPU
		{EC7FEDD8-92BC-42FF-AE6C-B3E11E0C816F}.Release|Any CPU.Build.0 = Release|Any CPU
	EndGlobalSection
	GlobalSection(SolutionProperties) = preSolution
		HideSolutionNode = FALSE
	EndGlobalSection
	GlobalSection(ExtensibilityGlobals) = postSolution
		SolutionGuid = {F15FEFD7-3F7E-48A2-B0B7-ECDA3D93AE17}
	EndGlobalSection
EndGlobal
